
Microsoft Visual Studio Solution File, Format Version 12.00
# Visual Studio Version 17
VisualStudioVersion = 17.3.32929.385
MinimumVisualStudioVersion = 10.0.40219.1
Project("{FAE04EC0-301F-11D3-BF4B-00C04F79EFBC}") = "BTL-XDCTQuanLyBanHang", "BTL-XDCTQuanLyBanHang\BTL-XDCTQuanLyBanHang.csproj", "{E49B5849-2518-43EC-939D-271CFE40C500}"
EndProject
Project("{54435603-DBB4-11D2-8724-00A0C9A8B90C}") = "Setup1", "Setup1\Setup1.vdproj", "{7ABAF1F7-536A-4834-815D-18907C3407FC}"
EndProject
Global
	GlobalSection(SolutionConfigurationPlatforms) = preSolution
		Debug|Any CPU = Debug|Any CPU
		Release|Any CPU = Release|Any CPU
	EndGlobalSection
	GlobalSection(ProjectConfigurationPlatforms) = postSolution
		{E49B5849-2518-43EC-939D-271CFE40C500}.Debug|Any CPU.ActiveCfg = Debug|Any CPU
		{E49B5849-2518-43EC-939D-271CFE40C500}.Debug|Any CPU.Build.0 = Debug|Any CPU
		{E49B5849-2518-43EC-939D-271CFE40C500}.Release|Any CPU.ActiveCfg = Release|Any CPU
		{E49B5849-2518-43EC-939D-271CFE40C500}.Release|Any CPU.Build.0 = Release|Any CPU
		{7ABAF1F7-536A-4834-815D-18907C3407FC}.Debug|Any CPU.ActiveCfg = Debug
		{7ABAF1F7-536A-4834-815D-18907C3407FC}.Release|Any CPU.ActiveCfg = Release
	EndGlobalSection
	GlobalSection(SolutionProperties) = preSolution
		HideSolutionNode = FALSE
	EndGlobalSection
	GlobalSection(ExtensibilityGlobals) = postSolution
		SolutionGuid = {F5E231C1-429A-476F-BF97-0FAC0DB5E1F0}
	EndGlobalSection
EndGlobal
